
Microsoft Visual Studio Solution File, Format Version 12.00
# Visual Studio Version 17
Project("{2150E333-8FDC-42A3-9474-1A3956D46DE8}") = "CMakePredefinedTargets", "CMakePredefinedTargets", "{6B3AC89C-7A5E-3713-A3BE-8DAAD756F0F8}"
EndProject
Project("{8BC9CEB8-8B4A-11D0-8D11-00A0C91BC942}") = "ALL_BUILD", "ALL_BUILD.vcxproj", "{307BCB70-F7FD-373B-A060-AE7328679B13}"
	ProjectSection(ProjectDependencies) = postProject
		{F59EB519-ED0A-3797-B2CA-FDDBA6EF455E} = {F59EB519-ED0A-3797-B2CA-FDDBA6EF455E}
		{7D9B9C05-D0D3-3FAE-AB01-ABE570A29C35} = {7D9B9C05-D0D3-3FAE-AB01-ABE570A29C35}
	EndProjectSection
EndProject
Project("{8BC9CEB8-8B4A-11D0-8D11-00A0C91BC942}") = "1", "1.vcxproj", "{F59EB519-ED0A-3797-B2CA-FDDBA6EF455E}"
	ProjectSection(ProjectDependencies) = postProject
		{7D9B9C05-D0D3-3FAE-AB01-ABE570A29C35} = {7D9B9C05-D0D3-3FAE-AB01-ABE570A29C35}
	EndProjectSection
EndProject
Project("{8BC9CEB8-8B4A-11D0-8D11-00A0C91BC942}") = "ZERO_CHECK", "ZERO_CHECK.vcxproj", "{7D9B9C05-D0D3-3FAE-AB01-ABE570A29C35}"
	ProjectSection(ProjectDependencies) = postProject
	EndProjectSection
EndProject
Global
	GlobalSection(SolutionConfigurationPlatforms) = preSolution
		Debug|x64 = Debug|x64
		Release|x64 = Release|x64
		MinSizeRel|x64 = MinSizeRel|x64
		RelWithDebInfo|x64 = RelWithDebInfo|x64
	EndGlobalSection
	GlobalSection(ProjectConfigurationPlatforms) = postSolution
		{307BCB70-F7FD-373B-A060-AE7328679B13}.Debug|x64.ActiveCfg = Debug|x64
		{307BCB70-F7FD-373B-A060-AE7328679B13}.Release|x64.ActiveCfg = Release|x64
		{307BCB70-F7FD-373B-A060-AE7328679B13}.MinSizeRel|x64.ActiveCfg = MinSizeRel|x64
		{307BCB70-F7FD-373B-A060-AE7328679B13}.RelWithDebInfo|x64.ActiveCfg = RelWithDebInfo|x64
		{F59EB519-ED0A-3797-B2CA-FDDBA6EF455E}.Debug|x64.ActiveCfg = Debug|x64
		{F59EB519-ED0A-3797-B2CA-FDDBA6EF455E}.Debug|x64.Build.0 = Debug|x64
		{F59EB519-ED0A-3797-B2CA-FDDBA6EF455E}.Release|x64.ActiveCfg = Release|x64
		{F59EB519-ED0A-3797-B2CA-FDDBA6EF455E}.Release|x64.Build.0 = Release|x64
		{F59EB519-ED0A-3797-B2CA-FDDBA6EF455E}.MinSizeRel|x64.ActiveCfg = MinSizeRel|x64
		{F59EB519-ED0A-3797-B2CA-FDDBA6EF455E}.MinSizeRel|x64.Build.0 = MinSizeRel|x64
		{F59EB519-ED0A-3797-B2CA-FDDBA6EF455E}.RelWithDebInfo|x64.ActiveCfg = RelWithDebInfo|x64
		{F59EB519-ED0A-3797-B2CA-FDDBA6EF455E}.RelWithDebInfo|x64.Build.0 = RelWithDebInfo|x64
		{7D9B9C05-D0D3-3FAE-AB01-ABE570A29C35}.Debug|x64.ActiveCfg = Debug|x64
		{7D9B9C05-D0D3-3FAE-AB01-ABE570A29C35}.Debug|x64.Build.0 = Debug|x64
		{7D9B9C05-D0D3-3FAE-AB01-ABE570A29C35}.Release|x64.ActiveCfg = Release|x64
		{7D9B9C05-D0D3-3FAE-AB01-ABE570A29C35}.Release|x64.Build.0 = Release|x64
		{7D9B9C05-D0D3-3FAE-AB01-ABE570A29C35}.MinSizeRel|x64.ActiveCfg = MinSizeRel|x64
		{7D9B9C05-D0D3-3FAE-AB01-ABE570A29C35}.MinSizeRel|x64.Build.0 = MinSizeRel|x64
		{7D9B9C05-D0D3-3FAE-AB01-ABE570A29C35}.RelWithDebInfo|x64.ActiveCfg = RelWithDebInfo|x64
		{7D9B9C05-D0D3-3FAE-AB01-ABE570A29C35}.RelWithDebInfo|x64.Build.0 = RelWithDebInfo|x64
	EndGlobalSection
	GlobalSection(NestedProjects) = preSolution
		{307BCB70-F7FD-373B-A060-AE7328679B13} = {6B3AC89C-7A5E-3713-A3BE-8DAAD756F0F8}
		{7D9B9C05-D0D3-3FAE-AB01-ABE570A29C35} = {6B3AC89C-7A5E-3713-A3BE-8DAAD756F0F8}
	EndGlobalSection
	GlobalSection(ExtensibilityGlobals) = postSolution
		SolutionGuid = {C50FB208-8F5B-3251-9925-3F33FE253A18}
	EndGlobalSection
	GlobalSection(ExtensibilityAddIns) = postSolution
	EndGlobalSection
EndGlobal
